// !$*UTF8*$!
{
	archiveVersion = 1;
	classes = {
	};
	objectVersion = 55;
	objects = {

/* Begin PBXBuildFile section */
		083F8F2D276C026D00E243F7 /* GasStationApp.swift in Sources */ = {isa = PBXBuildFile; fileRef = 083F8F2C276C026D00E243F7 /* GasStationApp.swift */; };
		083F8F2F276C026D00E243F7 /* ContentView.swift in Sources */ = {isa = PBXBuildFile; fileRef = 083F8F2E276C026D00E243F7 /* ContentView.swift */; };
		083F8F31276C026F00E243F7 /* Assets.xcassets in Resources */ = {isa = PBXBuildFile; fileRef = 083F8F30276C026F00E243F7 /* Assets.xcassets */; };
		083F8F34276C026F00E243F7 /* Preview Assets.xcassets in Resources */ = {isa = PBXBuildFile; fileRef = 083F8F33276C026F00E243F7 /* Preview Assets.xcassets */; };
		083F8F40276C07E700E243F7 /* GasStationView.swift in Sources */ = {isa = PBXBuildFile; fileRef = 083F8F3F276C07E700E243F7 /* GasStationView.swift */; };
		083F8F43276C08A900E243F7 /* GasTickerView.swift in Sources */ = {isa = PBXBuildFile; fileRef = 083F8F42276C08A900E243F7 /* GasTickerView.swift */; };
		083F8F46276C08E800E243F7 /* NetworkManager.swift in Sources */ = {isa = PBXBuildFile; fileRef = 083F8F45276C08E800E243F7 /* NetworkManager.swift */; };
		083F8F48276C0A7900E243F7 /* DeviceManager.swift in Sources */ = {isa = PBXBuildFile; fileRef = 083F8F47276C0A7900E243F7 /* DeviceManager.swift */; };
		083F8F4A276C0AB400E243F7 /* GasRequestManager.swift in Sources */ = {isa = PBXBuildFile; fileRef = 083F8F49276C0AB400E243F7 /* GasRequestManager.swift */; };
		083F8F4C276C0ADA00E243F7 /* GasModel.swift in Sources */ = {isa = PBXBuildFile; fileRef = 083F8F4B276C0ADA00E243F7 /* GasModel.swift */; };
		083F8F4E276C0B0200E243F7 /* GasModelPreviewHelper.swift in Sources */ = {isa = PBXBuildFile; fileRef = 083F8F4D276C0B0200E243F7 /* GasModelPreviewHelper.swift */; };
		083F8F50276C0B2800E243F7 /* ExampleGasQuery.json in Resources */ = {isa = PBXBuildFile; fileRef = 083F8F4F276C0B2800E243F7 /* ExampleGasQuery.json */; };
/* End PBXBuildFile section */

/* Begin PBXFileReference section */
		083F8F29276C026D00E243F7 /* GasStation.app */ = {isa = PBXFileReference; explicitFileType = wrapper.application; includeInIndex = 0; path = GasStation.app; sourceTree = BUILT_PRODUCTS_DIR; };
		083F8F2C276C026D00E243F7 /* GasStationApp.swift */ = {isa = PBXFileReference; lastKnownFileType = sourcecode.swift; path = GasStationApp.swift; sourceTree = "<group>"; };
		083F8F2E276C026D00E243F7 /* ContentView.swift */ = {isa = PBXFileReference; lastKnownFileType = sourcecode.swift; path = ContentView.swift; sourceTree = "<group>"; };
		083F8F30276C026F00E243F7 /* Assets.xcassets */ = {isa = PBXFileReference; lastKnownFileType = folder.assetcatalog; path = Assets.xcassets; sourceTree = "<group>"; };
		083F8F33276C026F00E243F7 /* Preview Assets.xcassets */ = {isa = PBXFileReference; lastKnownFileType = folder.assetcatalog; path = "Preview Assets.xcassets"; sourceTree = "<group>"; };
		083F8F3F276C07E700E243F7 /* GasStationView.swift */ = {isa = PBXFileReference; lastKnownFileType = sourcecode.swift; path = GasStationView.swift; sourceTree = "<group>"; };
		083F8F42276C08A900E243F7 /* GasTickerView.swift */ = {isa = PBXFileReference; lastKnownFileType = sourcecode.swift; path = GasTickerView.swift; sourceTree = "<group>"; };
		083F8F45276C08E800E243F7 /* NetworkManager.swift */ = {isa = PBXFileReference; lastKnownFileType = sourcecode.swift; path = NetworkManager.swift; sourceTree = "<group>"; };
		083F8F47276C0A7900E243F7 /* DeviceManager.swift */ = {isa = PBXFileReference; lastKnownFileType = sourcecode.swift; path = DeviceManager.swift; sourceTree = "<group>"; };
		083F8F49276C0AB400E243F7 /* GasRequestManager.swift */ = {isa = PBXFileReference; lastKnownFileType = sourcecode.swift; path = GasRequestManager.swift; sourceTree = "<group>"; };
		083F8F4B276C0ADA00E243F7 /* GasModel.swift */ = {isa = PBXFileReference; lastKnownFileType = sourcecode.swift; path = GasModel.swift; sourceTree = "<group>"; };
		083F8F4D276C0B0200E243F7 /* GasModelPreviewHelper.swift */ = {isa = PBXFileReference; lastKnownFileType = sourcecode.swift; path = GasModelPreviewHelper.swift; sourceTree = "<group>"; };
		083F8F4F276C0B2800E243F7 /* ExampleGasQuery.json */ = {isa = PBXFileReference; lastKnownFileType = text.json; path = ExampleGasQuery.json; sourceTree = "<group>"; };
		083F8F53276C0C6100E243F7 /* Info.plist */ = {isa = PBXFileReference; lastKnownFileType = text.plist; path = Info.plist; sourceTree = "<group>"; };
/* End PBXFileReference section */

/* Begin PBXFrameworksBuildPhase section */
		083F8F26276C026D00E243F7 /* Frameworks */ = {
			isa = PBXFrameworksBuildPhase;
			buildActionMask = 2147483647;
			files = (
			);
			runOnlyForDeploymentPostprocessing = 0;
		};
/* End PBXFrameworksBuildPhase section */

/* Begin PBXGroup section */
		083F8F20276C026D00E243F7 = {
			isa = PBXGroup;
			children = (
				083F8F2B276C026D00E243F7 /* GasStation */,
				083F8F2A276C026D00E243F7 /* Products */,
			);
			sourceTree = "<group>";
		};
		083F8F2A276C026D00E243F7 /* Products */ = {
			isa = PBXGroup;
			children = (
				083F8F29276C026D00E243F7 /* GasStation.app */,
			);
			name = Products;
			sourceTree = "<group>";
		};
		083F8F2B276C026D00E243F7 /* GasStation */ = {
			isa = PBXGroup;
			children = (
				083F8F53276C0C6100E243F7 /* Info.plist */,
				083F8F2C276C026D00E243F7 /* GasStationApp.swift */,
				083F8F41276C084900E243F7 /* Views */,
				083F8F44276C08C800E243F7 /* Managers */,
				083F8F51276C0B3700E243F7 /* Helpers */,
				083F8F4B276C0ADA00E243F7 /* GasModel.swift */,
				083F8F30276C026F00E243F7 /* Assets.xcassets */,
				083F8F32276C026F00E243F7 /* Preview Content */,
			);
			path = GasStation;
			sourceTree = "<group>";
		};
		083F8F32276C026F00E243F7 /* Preview Content */ = {
			isa = PBXGroup;
			children = (
				083F8F33276C026F00E243F7 /* Preview Assets.xcassets */,
			);
			path = "Preview Content";
			sourceTree = "<group>";
		};
		083F8F41276C084900E243F7 /* Views */ = {
			isa = PBXGroup;
			children = (
				083F8F2E276C026D00E243F7 /* ContentView.swift */,
				083F8F3F276C07E700E243F7 /* GasStationView.swift */,
				083F8F42276C08A900E243F7 /* GasTickerView.swift */,
			);
			path = Views;
			sourceTree = "<group>";
		};
		083F8F44276C08C800E243F7 /* Managers */ = {
			isa = PBXGroup;
			children = (
				083F8F45276C08E800E243F7 /* NetworkManager.swift */,
				083F8F47276C0A7900E243F7 /* DeviceManager.swift */,
				083F8F49276C0AB400E243F7 /* GasRequestManager.swift */,
			);
			path = Managers;
			sourceTree = "<group>";
		};
		083F8F51276C0B3700E243F7 /* Helpers */ = {
			isa = PBXGroup;
			children = (
				083F8F4D276C0B0200E243F7 /* GasModelPreviewHelper.swift */,
				083F8F4F276C0B2800E243F7 /* ExampleGasQuery.json */,
			);
			path = Helpers;
			sourceTree = "<group>";
		};
/* End PBXGroup section */

/* Begin PBXNativeTarget section */
		083F8F28276C026D00E243F7 /* GasStation */ = {
			isa = PBXNativeTarget;
			buildConfigurationList = 083F8F37276C026F00E243F7 /* Build configuration list for PBXNativeTarget "GasStation" */;
			buildPhases = (
				083F8F25276C026D00E243F7 /* Sources */,
				083F8F26276C026D00E243F7 /* Frameworks */,
				083F8F27276C026D00E243F7 /* Resources */,
			);
			buildRules = (
			);
			dependencies = (
			);
			name = GasStation;
			productName = GasStation;
			productReference = 083F8F29276C026D00E243F7 /* GasStation.app */;
			productType = "com.apple.product-type.application";
		};
/* End PBXNativeTarget section */

/* Begin PBXProject section */
		083F8F21276C026D00E243F7 /* Project object */ = {
			isa = PBXProject;
			attributes = {
				BuildIndependentTargetsInParallel = 1;
				LastSwiftUpdateCheck = 1320;
				LastUpgradeCheck = 1320;
				TargetAttributes = {
					083F8F28276C026D00E243F7 = {
						CreatedOnToolsVersion = 13.2;
					};
				};
			};
			buildConfigurationList = 083F8F24276C026D00E243F7 /* Build configuration list for PBXProject "GasStation" */;
			compatibilityVersion = "Xcode 13.0";
			developmentRegion = en;
			hasScannedForEncodings = 0;
			knownRegions = (
				en,
				Base,
			);
			mainGroup = 083F8F20276C026D00E243F7;
			productRefGroup = 083F8F2A276C026D00E243F7 /* Products */;
			projectDirPath = "";
			projectRoot = "";
			targets = (
				083F8F28276C026D00E243F7 /* GasStation */,
			);
		};
/* End PBXProject section */

/* Begin PBXResourcesBuildPhase section */
		083F8F27276C026D00E243F7 /* Resources */ = {
			isa = PBXResourcesBuildPhase;
			buildActionMask = 2147483647;
			files = (
				083F8F34276C026F00E243F7 /* Preview Assets.xcassets in Resources */,
				083F8F50276C0B2800E243F7 /* ExampleGasQuery.json in Resources */,
				083F8F31276C026F00E243F7 /* Assets.xcassets in Resources */,
			);
			runOnlyForDeploymentPostprocessing = 0;
		};
/* End PBXResourcesBuildPhase section */

/* Begin PBXSourcesBuildPhase section */
		083F8F25276C026D00E243F7 /* Sources */ = {
			isa = PBXSourcesBuildPhase;
			buildActionMask = 2147483647;
			files = (
				083F8F2F276C026D00E243F7 /* ContentView.swift in Sources */,
				083F8F4A276C0AB400E243F7 /* GasRequestManager.swift in Sources */,
				083F8F48276C0A7900E243F7 /* DeviceManager.swift in Sources */,
				083F8F2D276C026D00E243F7 /* GasStationApp.swift in Sources */,
				083F8F4E276C0B0200E243F7 /* GasModelPreviewHelper.swift in Sources */,
				083F8F46276C08E800E243F7 /* NetworkManager.swift in Sources */,
				083F8F4C276C0ADA00E243F7 /* GasModel.swift in Sources */,
				083F8F43276C08A900E243F7 /* GasTickerView.swift in Sources */,
				083F8F40276C07E700E243F7 /* GasStationView.swift in Sources */,
			);
			runOnlyForDeploymentPostprocessing = 0;
		};
/* End PBXSourcesBuildPhase section */

/* Begin XCBuildConfiguration section */
		083F8F35276C026F00E243F7 /* Debug */ = {
			isa = XCBuildConfiguration;
			buildSettings = {
				ALWAYS_SEARCH_USER_PATHS = NO;
				CLANG_ANALYZER_NONNULL = YES;
				CLANG_ANALYZER_NUMBER_OBJECT_CONVERSION = YES_AGGRESSIVE;
				CLANG_CXX_LANGUAGE_STANDARD = "gnu++17";
				CLANG_CXX_LIBRARY = "libc++";
				CLANG_ENABLE_MODULES = YES;
				CLANG_ENABLE_OBJC_ARC = YES;
				CLANG_ENABLE_OBJC_WEAK = YES;
				CLANG_WARN_BLOCK_CAPTURE_AUTORELEASING = YES;
				CLANG_WARN_BOOL_CONVERSION = YES;
				CLANG_WARN_COMMA = YES;
				CLANG_WARN_CONSTANT_CONVERSION = YES;
				CLANG_WARN_DEPRECATED_OBJC_IMPLEMENTATIONS = YES;
				CLANG_WARN_DIRECT_OBJC_ISA_USAGE = YES_ERROR;
				CLANG_WARN_DOCUMENTATION_COMMENTS = YES;
				CLANG_WARN_EMPTY_BODY = YES;
				CLANG_WARN_ENUM_CONVERSION = YES;
				CLANG_WARN_INFINITE_RECURSION = YES;
				CLANG_WARN_INT_CONVERSION = YES;
				CLANG_WARN_NON_LITERAL_NULL_CONVERSION = YES;
				CLANG_WARN_OBJC_IMPLICIT_RETAIN_SELF = YES;
				CLANG_WARN_OBJC_LITERAL_CONVERSION = YES;
				CLANG_WARN_OBJC_ROOT_CLASS = YES_ERROR;
				CLANG_WARN_QUOTED_INCLUDE_IN_FRAMEWORK_HEADER = YES;
				CLANG_WARN_RANGE_LOOP_ANALYSIS = YES;
				CLANG_WARN_STRICT_PROTOTYPES = YES;
				CLANG_WARN_SUSPICIOUS_MOVE = YES;
				CLANG_WARN_UNGUARDED_AVAILABILITY = YES_AGGRESSIVE;
				CLANG_WARN_UNREACHABLE_CODE = YES;
				CLANG_WARN__DUPLICATE_METHOD_MATCH = YES;
				COPY_PHASE_STRIP = NO;
				DEBUG_INFORMATION_FORMAT = dwarf;
				ENABLE_STRICT_OBJC_MSGSEND = YES;
				ENABLE_TESTABILITY = YES;
				GCC_C_LANGUAGE_STANDARD = gnu11;
				GCC_DYNAMIC_NO_PIC = NO;
				GCC_NO_COMMON_BLOCKS = YES;
				GCC_OPTIMIZATION_LEVEL = 0;
				GCC_PREPROCESSOR_DEFINITIONS = (
					"DEBUG=1",
					"$(inherited)",
				);
				GCC_WARN_64_TO_32_BIT_CONVERSION = YES;
				GCC_WARN_ABOUT_RETURN_TYPE = YES_ERROR;
				GCC_WARN_UNDECLARED_SELECTOR = YES;
				GCC_WARN_UNINITIALIZED_AUTOS = YES_AGGRESSIVE;
				GCC_WARN_UNUSED_FUNCTION = YES;
				GCC_WARN_UNUSED_VARIABLE = YES;
				IPHONEOS_DEPLOYMENT_TARGET = 15.2;
				MTL_ENABLE_DEBUG_INFO = INCLUDE_SOURCE;
				MTL_FAST_MATH = YES;
				ONLY_ACTIVE_ARCH = YES;
				SDKROOT = iphoneos;
				SWIFT_ACTIVE_COMPILATION_CONDITIONS = DEBUG;
				SWIFT_OPTIMIZATION_LEVEL = "-Onone";
			};
			name = Debug;
		};
		083F8F36276C026F00E243F7 /* Release */ = {
			isa = XCBuildConfiguration;
			buildSettings = {
				ALWAYS_SEARCH_USER_PATHS = NO;
				CLANG_ANALYZER_NONNULL = YES;
				CLANG_ANALYZER_NUMBER_OBJECT_CONVERSION = YES_AGGRESSIVE;
				CLANG_CXX_LANGUAGE_STANDARD = "gnu++17";
				CLANG_CXX_LIBRARY = "libc++";
				CLANG_ENABLE_MODULES = YES;
				CLANG_ENABLE_OBJC_ARC = YES;
				CLANG_ENABLE_OBJC_WEAK = YES;
				CLANG_WARN_BLOCK_CAPTURE_AUTORELEASING = YES;
				CLANG_WARN_BOOL_CONVERSION = YES;
				CLANG_WARN_COMMA = YES;
				CLANG_WARN_CONSTANT_CONVERSION = YES;
				CLANG_WARN_DEPRECATED_OBJC_IMPLEMENTATIONS = YES;
				CLANG_WARN_DIRECT_OBJC_ISA_USAGE = YES_ERROR;
				CLANG_WARN_DOCUMENTATION_COMMENTS = YES;
				CLANG_WARN_EMPTY_BODY = YES;
				CLANG_WARN_ENUM_CONVERSION = YES;
				CLANG_WARN_INFINITE_RECURSION = YES;
				CLANG_WARN_INT_CONVERSION = YES;
				CLANG_WARN_NON_LITERAL_NULL_CONVERSION = YES;
				CLANG_WARN_OBJC_IMPLICIT_RETAIN_SELF = YES;
				CLANG_WARN_OBJC_LITERAL_CONVERSION = YES;
				CLANG_WARN_OBJC_ROOT_CLASS = YES_ERROR;
				CLANG_WARN_QUOTED_INCLUDE_IN_FRAMEWORK_HEADER = YES;
				CLANG_WARN_RANGE_LOOP_ANALYSIS = YES;
				CLANG_WARN_STRICT_PROTOTYPES = YES;
				CLANG_WARN_SUSPICIOUS_MOVE = YES;
				CLANG_WARN_UNGUARDED_AVAILABILITY = YES_AGGRESSIVE;
				CLANG_WARN_UNREACHABLE_CODE = YES;
				CLANG_WARN__DUPLICATE_METHOD_MATCH = YES;
				COPY_PHASE_STRIP = NO;
				DEBUG_INFORMATION_FORMAT = "dwarf-with-dsym";
				ENABLE_NS_ASSERTIONS = NO;
				ENABLE_STRICT_OBJC_MSGSEND = YES;
				GCC_C_LANGUAGE_STANDARD = gnu11;
				GCC_NO_COMMON_BLOCKS = YES;
				GCC_WARN_64_TO_32_BIT_CONVERSION = YES;
				GCC_WARN_ABOUT_RETURN_TYPE = YES_ERROR;
				GCC_WARN_UNDECLARED_SELECTOR = YES;
				GCC_WARN_UNINITIALIZED_AUTOS = YES_AGGRESSIVE;
				GCC_WARN_UNUSED_FUNCTION = YES;
				GCC_WARN_UNUSED_VARIABLE = YES;
				IPHONEOS_DEPLOYMENT_TARGET = 15.2;
				MTL_ENABLE_DEBUG_INFO = NO;
				MTL_FAST_MATH = YES;
				SDKROOT = iphoneos;
				SWIFT_COMPILATION_MODE = wholemodule;
				SWIFT_OPTIMIZATION_LEVEL = "-O";
				VALIDATE_PRODUCT = YES;
			};
			name = Release;
		};
		083F8F38276C026F00E243F7 /* Debug */ = {
			isa = XCBuildConfiguration;
			buildSettings = {
				ASSETCATALOG_COMPILER_APPICON_NAME = AppIcon;
				ASSETCATALOG_COMPILER_GLOBAL_ACCENT_COLOR_NAME = AccentColor;
				CODE_SIGN_STYLE = Automatic;
				CURRENT_PROJECT_VERSION = 1;
				DEVELOPMENT_ASSET_PATHS = "\"GasStation/Preview Content\"";
				DEVELOPMENT_TEAM = 9SAQ42S589;
				ENABLE_PREVIEWS = YES;
				GENERATE_INFOPLIST_FILE = YES;
				INFOPLIST_FILE = GasStation/Info.plist;
				INFOPLIST_KEY_UIApplicationSceneManifest_Generation = YES;
				INFOPLIST_KEY_UIApplicationSupportsIndirectInputEvents = YES;
				INFOPLIST_KEY_UILaunchScreen_Generation = YES;
				INFOPLIST_KEY_UISupportedInterfaceOrientations_iPad = "UIInterfaceOrientationPortrait UIInterfaceOrientationPortraitUpsideDown UIInterfaceOrientationLandscapeLeft UIInterfaceOrientationLandscapeRight";
				INFOPLIST_KEY_UISupportedInterfaceOrientations_iPhone = "UIInterfaceOrientationPortrait UIInterfaceOrientationLandscapeLeft UIInterfaceOrientationLandscapeRight";
				LD_RUNPATH_SEARCH_PATHS = (
					"$(inherited)",
					"@executable_path/Frameworks",
				);
				MARKETING_VERSION = 1.01;
				PRODUCT_BUNDLE_IDENTIFIER = com.vivianphung.gasStation;
				PRODUCT_NAME = "$(TARGET_NAME)";
				SWIFT_EMIT_LOC_STRINGS = YES;
				SWIFT_VERSION = 5.0;
				TARGETED_DEVICE_FAMILY = "1,2";
			};
			name = Debug;
		};
		083F8F39276C026F00E243F7 /* Release */ = {
			isa = XCBuildConfiguration;
			buildSettings = {
				ASSETCATALOG_COMPILER_APPICON_NAME = AppIcon;
				ASSETCATALOG_COMPILER_GLOBAL_ACCENT_COLOR_NAME = AccentColor;
				CODE_SIGN_STYLE = Automatic;
				CURRENT_PROJECT_VERSION = 1;
				DEVELOPMENT_ASSET_PATHS = "\"GasStation/Preview Content\"";
				DEVELOPMENT_TEAM = 9SAQ42S589;
				ENABLE_PREVIEWS = YES;
				GENERATE_INFOPLIST_FILE = YES;
				INFOPLIST_FILE = GasStation/Info.plist;
				INFOPLIST_KEY_UIApplicationSceneManifest_Generation = YES;
				INFOPLIST_KEY_UIApplicationSupportsIndirectInputEvents = YES;
				INFOPLIST_KEY_UILaunchScreen_Generation = YES;
				INFOPLIST_KEY_UISupportedInterfaceOrientations_iPad = "UIInterfaceOrientationPortrait UIInterfaceOrientationPortraitUpsideDown UIInterfaceOrientationLandscapeLeft UIInterfaceOrientationLandscapeRight";
				INFOPLIST_KEY_UISupportedInterfaceOrientations_iPhone = "UIInterfaceOrientationPortrait UIInterfaceOrientationLandscapeLeft UIInterfaceOrientationLandscapeRight";
				LD_RUNPATH_SEARCH_PATHS = (
					"$(inherited)",
					"@executable_path/Frameworks",
				);
				MARKETING_VERSION = 1.01;
				PRODUCT_BUNDLE_IDENTIFIER = com.vivianphung.gasStation;
				PRODUCT_NAME = "$(TARGET_NAME)";
				SWIFT_EMIT_LOC_STRINGS = YES;
				SWIFT_VERSION = 5.0;
				TARGETED_DEVICE_FAMILY = "1,2";
			};
			name = Release;
		};
/* End XCBuildConfiguration section */

/* Begin XCConfigurationList section */
		083F8F24276C026D00E243F7 /* Build configuration list for PBXProject "GasStation" */ = {
			isa = XCConfigurationList;
			buildConfigurations = (
				083F8F35276C026F00E243F7 /* Debug */,
				083F8F36276C026F00E243F7 /* Release */,
			);
			defaultConfigurationIsVisible = 0;
			defaultConfigurationName = Release;
		};
		083F8F37276C026F00E243F7 /* Build configuration list for PBXNativeTarget "GasStation" */ = {
			isa = XCConfigurationList;
			buildConfigurations = (
				083F8F38276C026F00E243F7 /* Debug */,
				083F8F39276C026F00E243F7 /* Release */,
			);
			defaultConfigurationIsVisible = 0;
			defaultConfigurationName = Release;
		};
/* End XCConfigurationList section */
	};
	rootObject = 083F8F21276C026D00E243F7 /* Project object */;
}
